
Microsoft Visual Studio Solution File, Format Version 12.00
Project("{FAE04EC0-301F-11D3-BF4B-00C04F79EFBC}") = "mlmodelcsharp", "mlmodelcsharp\mlmodelcsharp.csproj", "{0137B97E-381B-4AD2-BF12-638EDBEFF28B}"
EndProject
Global
	GlobalSection(SolutionConfigurationPlatforms) = preSolution
		Debug|Any CPU = Debug|Any CPU
		Release|Any CPU = Release|Any CPU
	EndGlobalSection
	GlobalSection(ProjectConfigurationPlatforms) = postSolution
		{0137B97E-381B-4AD2-BF12-638EDBEFF28B}.Debug|Any CPU.ActiveCfg = Debug|Any CPU
		{0137B97E-381B-4AD2-BF12-638EDBEFF28B}.Debug|Any CPU.Build.0 = Debug|Any CPU
		{0137B97E-381B-4AD2-BF12-638EDBEFF28B}.Release|Any CPU.ActiveCfg = Release|Any CPU
		{0137B97E-381B-4AD2-BF12-638EDBEFF28B}.Release|Any CPU.Build.0 = Release|Any CPU
	EndGlobalSection
EndGlobal
